
Microsoft Visual Studio Solution File, Format Version 12.00
# Visual Studio Version 16
VisualStudioVersion = 16.0.31729.503
MinimumVisualStudioVersion = 10.0.40219.1
Project("{FAE04EC0-301F-11D3-BF4B-00C04F79EFBC}") = "ISoft", "ISoft\ISoft.csproj", "{06418756-5B4B-4C1B-A6A0-0A8A2611A795}"
EndProject
Global
	GlobalSection(SolutionConfigurationPlatforms) = preSolution
		Debug|Any CPU = Debug|Any CPU
		Release|Any CPU = Release|Any CPU
	EndGlobalSection
	GlobalSection(ProjectConfigurationPlatforms) = postSolution
		{06418756-5B4B-4C1B-A6A0-0A8A2611A795}.Debug|Any CPU.ActiveCfg = Debug|Any CPU
		{06418756-5B4B-4C1B-A6A0-0A8A2611A795}.Debug|Any CPU.Build.0 = Debug|Any CPU
		{06418756-5B4B-4C1B-A6A0-0A8A2611A795}.Release|Any CPU.ActiveCfg = Release|Any CPU
		{06418756-5B4B-4C1B-A6A0-0A8A2611A795}.Release|Any CPU.Build.0 = Release|Any CPU
	EndGlobalSection
	GlobalSection(SolutionProperties) = preSolution
		HideSolutionNode = FALSE
	EndGlobalSection
	GlobalSection(ExtensibilityGlobals) = postSolution
		SolutionGuid = {6CB86D4F-E56D-4522-B5A6-8E3CEE86B39D}
	EndGlobalSection
EndGlobal
